<?xml version="1.0" encoding="UTF-8"?>
<Scheme
   version = "1.3">
   <BuildAction>
      <BuildActionEntries>
         <BuildActionEntry
            buildForRunning = "YES">
            <BuildableReference
               BuildableIdentifier = "primary"
               BlueprintIdentifier = "0D1D0D36253F4BEF002D8A7E"
               BuildableName = "CatchKenny.app"
               BlueprintName = "CatchKenny"
               ReferencedContainer = "container:CatchKenny.xcodeproj">
            </BuildableReference>
         </BuildActionEntry>
      </BuildActionEntries>
   </BuildAction>
   <LaunchAction
      useCustomWorkingDirectory = "NO"
      buildConfiguration = "Debug"
      allowLocationSimulation = "YES">
      <BuildableProductRunnable>
         <BuildableReference
            BuildableIdentifier = "primary"
            BlueprintIdentifier = "0D1D0D36253F4BEF002D8A7E"
            BuildableName = "CatchKenny.app"
            BlueprintName = "CatchKenny"
            ReferencedContainer = "container:CatchKenny.xcodeproj">
         </BuildableReference>
      </BuildableProductRunnable>
   </LaunchAction>
</Scheme>
